
Microsoft Visual Studio Solution File, Format Version 11.00
# Visual Studio 2010
Project("{8BC9CEB8-8B4A-11D0-8D11-00A0C91BC942}") = "golden section", "golden section\golden section.vcxproj", "{990D06B7-E5F0-46DB-8229-6C0BA1EEC4F3}"
EndProject
Global
	GlobalSection(SolutionConfigurationPlatforms) = preSolution
		Debug|Win32 = Debug|Win32
		Release|Win32 = Release|Win32
	EndGlobalSection
	GlobalSection(ProjectConfigurationPlatforms) = postSolution
		{990D06B7-E5F0-46DB-8229-6C0BA1EEC4F3}.Debug|Win32.ActiveCfg = Debug|Win32
		{990D06B7-E5F0-46DB-8229-6C0BA1EEC4F3}.Debug|Win32.Build.0 = Debug|Win32
		{990D06B7-E5F0-46DB-8229-6C0BA1EEC4F3}.Release|Win32.ActiveCfg = Release|Win32
		{990D06B7-E5F0-46DB-8229-6C0BA1EEC4F3}.Release|Win32.Build.0 = Release|Win32
	EndGlobalSection
	GlobalSection(SolutionProperties) = preSolution
		HideSolutionNode = FALSE
	EndGlobalSection
EndGlobal
